
Microsoft Visual Studio Solution File, Format Version 12.00
# Visual Studio 15
VisualStudioVersion = 15.0.27428.2002
MinimumVisualStudioVersion = 10.0.40219.1
Project("{8BC9CEB8-8B4A-11D0-8D11-00A0C91BC942}") = "TPL_Lab02_01_Lang_Lex_Analysis", "TPL_Lab02_01_Lang_Lex_Analysis\TPL_Lab02_01_Lang_Lex_Analysis.vcxproj", "{5424DCC6-58F8-41F4-B386-252868283165}"
EndProject
Global
	GlobalSection(SolutionConfigurationPlatforms) = preSolution
		Debug|x64 = Debug|x64
		Debug|x86 = Debug|x86
		Release|x64 = Release|x64
		Release|x86 = Release|x86
	EndGlobalSection
	GlobalSection(ProjectConfigurationPlatforms) = postSolution
		{5424DCC6-58F8-41F4-B386-252868283165}.Debug|x64.ActiveCfg = Debug|x64
		{5424DCC6-58F8-41F4-B386-252868283165}.Debug|x64.Build.0 = Debug|x64
		{5424DCC6-58F8-41F4-B386-252868283165}.Debug|x86.ActiveCfg = Debug|Win32
		{5424DCC6-58F8-41F4-B386-252868283165}.Debug|x86.Build.0 = Debug|Win32
		{5424DCC6-58F8-41F4-B386-252868283165}.Release|x64.ActiveCfg = Release|x64
		{5424DCC6-58F8-41F4-B386-252868283165}.Release|x64.Build.0 = Release|x64
		{5424DCC6-58F8-41F4-B386-252868283165}.Release|x86.ActiveCfg = Release|Win32
		{5424DCC6-58F8-41F4-B386-252868283165}.Release|x86.Build.0 = Release|Win32
	EndGlobalSection
	GlobalSection(SolutionProperties) = preSolution
		HideSolutionNode = FALSE
	EndGlobalSection
	GlobalSection(ExtensibilityGlobals) = postSolution
		SolutionGuid = {B1997AE7-9E2E-481F-B0AA-53295614972D}
	EndGlobalSection
EndGlobal
